
Microsoft Visual Studio Solution File, Format Version 12.00
# Visual Studio Version 17
VisualStudioVersion = 17.9.34902.65
MinimumVisualStudioVersion = 10.0.40219.1
Project("{9A19103F-16F7-4668-BE54-9A1E7A4F7556}") = "Grafica_Model", "Grafica_Model.csproj", "{FBF73494-1C66-47B6-921B-7AFC9C648506}"
EndProject
Project("{9A19103F-16F7-4668-BE54-9A1E7A4F7556}") = "Chart_Model", "..\Chart_Model\Chart_Model.csproj", "{15EFD894-F608-4D9D-8058-9BFE9154A741}"
EndProject
Global
	GlobalSection(SolutionConfigurationPlatforms) = preSolution
		Debug|Any CPU = Debug|Any CPU
		Release|Any CPU = Release|Any CPU
	EndGlobalSection
	GlobalSection(ProjectConfigurationPlatforms) = postSolution
		{FBF73494-1C66-47B6-921B-7AFC9C648506}.Debug|Any CPU.ActiveCfg = Debug|Any CPU
		{FBF73494-1C66-47B6-921B-7AFC9C648506}.Debug|Any CPU.Build.0 = Debug|Any CPU
		{FBF73494-1C66-47B6-921B-7AFC9C648506}.Release|Any CPU.ActiveCfg = Release|Any CPU
		{FBF73494-1C66-47B6-921B-7AFC9C648506}.Release|Any CPU.Build.0 = Release|Any CPU
		{15EFD894-F608-4D9D-8058-9BFE9154A741}.Debug|Any CPU.ActiveCfg = Debug|Any CPU
		{15EFD894-F608-4D9D-8058-9BFE9154A741}.Debug|Any CPU.Build.0 = Debug|Any CPU
		{15EFD894-F608-4D9D-8058-9BFE9154A741}.Release|Any CPU.ActiveCfg = Release|Any CPU
		{15EFD894-F608-4D9D-8058-9BFE9154A741}.Release|Any CPU.Build.0 = Release|Any CPU
	EndGlobalSection
	GlobalSection(SolutionProperties) = preSolution
		HideSolutionNode = FALSE
	EndGlobalSection
	GlobalSection(ExtensibilityGlobals) = postSolution
		SolutionGuid = {7E6C569F-A5F3-48F5-8BFA-FC215FA6B670}
	EndGlobalSection
EndGlobal
